{
  "name": "stage1_priority",
  "version": "1.0.0",
  "lockfileVersion": 3,
  "requires": true,
  "packages": {
    "": {
      "name": "stage1_priority",
      "version": "1.0.0",
      "license": "ISC",
      "dependencies": {
        "logging_middleware": "file:../logging_middleware"
      }
    },
    "../logging_middleware": {
      "version": "1.0.0",
      "license": "ISC"
    },
    "node_modules/logging_middleware": {
      "resolved": "../logging_middleware",
      "link": true
    }
  }
}
